# This file is automatically @generated by Cargo.
# It is not intended for manual editing.
version = 4

[[package]]
name = "domrs"
version = "0.0.17"
source = "registry+https://github.com/rust-lang/crates.io-index"
checksum = "05649734c656f69ab50d1cbc83f043c9e16f454f3332bed47c526e16f7c8cbdc"

[[package]]
name = "dsntk-logo"
version = "1.2.0"
dependencies = [
 "domrs",
]
