# This file is automatically @generated by Cargo.
# It is not intended for manual editing.
version = 3

[[package]]
name = "domrs"
version = "0.0.16"
source = "registry+https://github.com/rust-lang/crates.io-index"
checksum = "fdda6acc74f0bfd12b77f1f72b5dda9e4147137af9d4e5cd91fa395bf1aa91b4"

[[package]]
name = "dsntk-logo"
version = "1.1.0"
dependencies = [
 "domrs",
]
